# This file was autogenerated by Stack.
# You should not edit this file by hand.
# For more information, please see the documentation at:
#   https://docs.haskellstack.org/en/stable/lock_files

packages:
- completed:
    hackage: text-2.0@sha256:86e64bc76fefb8f0f6529d28ddf24b2a29d43591a8b9b7c7094f481a0db2fb7d,7788
    pantry-tree:
      size: 7364
      sha256: 894b84358fbad3cb8c16f224d3d8b7a1d7b6bcae68cda5a9998dd964904a6560
  original:
    hackage: text-2.0
- completed:
    name: comparse
    version: 0.2.0.0
    git: https://github.com/nasso/comparse.git
    pantry-tree:
      size: 1481
      sha256: 7f58789d951e98af770a950f33efc049ac5184ece526dfd488e3e7da81f5db6e
    commit: 4ca7112ee4351cac2b9e44f86991d2dcfc984aea
  original:
    git: https://github.com/nasso/comparse.git
    commit: 4ca7112ee4351cac2b9e44f86991d2dcfc984aea
snapshots:
- completed:
    size: 586110
    url: https://raw.githubusercontent.com/commercialhaskell/stackage-snapshots/master/lts/18/21.yaml
    sha256: ce4fb8d44f3c6c6032060a02e0ebb1bd29937c9a70101c1517b92a87d9515160
  original: lts-18.21
