# This file was autogenerated by Stack.
# You should not edit this file by hand.
# For more information, please see the documentation at:
#   https://docs.haskellstack.org/en/stable/lock_files

packages:
- completed:
    hackage: comparse-0.1.0.0@sha256:78456a22a0b1a0616bd90a884a8350260d365d49d8ef434d5c8ecbe83de59600,1610
    pantry-tree:
      size: 921
      sha256: 53cf474cc656dfe4ffc114fcc12b71c687c03c6839e0497539f88fb4ecfb013c
  original:
    hackage: comparse-0.1.0.0@sha256:78456a22a0b1a0616bd90a884a8350260d365d49d8ef434d5c8ecbe83de59600,1610
snapshots:
- completed:
    size: 587546
    url: https://raw.githubusercontent.com/commercialhaskell/stackage-snapshots/master/lts/18/10.yaml
    sha256: 88b4f81e162ba3adc230a9fcccc4d19ac116377656bab56c7382ca88598b257a
  original: lts-18.10
